
Microsoft Visual Studio Solution File, Format Version 12.00
# Visual Studio Version 17
VisualStudioVersion = 17.0.31903.59
MinimumVisualStudioVersion = 10.0.40219.1
Project("{FAE04EC0-301F-11D3-BF4B-00C04F79EFBC}") = "AutoPilotCLI", "AutoPilotCLI\AutoPilotCLI.csproj", "{1E963688-82A8-447B-9B66-D1799AF7E41C}"
EndProject
Project("{FAE04EC0-301F-11D3-BF4B-00C04F79EFBC}") = "AutoPilotCore", "AutoPilotCore\AutoPilotCore.csproj", "{A3F20530-F6BD-4E45-AFBD-31F21C61A385}"
EndProject
Global
	GlobalSection(SolutionConfigurationPlatforms) = preSolution
		Debug|Any CPU = Debug|Any CPU
		Release|Any CPU = Release|Any CPU
	EndGlobalSection
	GlobalSection(SolutionProperties) = preSolution
		HideSolutionNode = FALSE
	EndGlobalSection
	GlobalSection(ProjectConfigurationPlatforms) = postSolution
		{1E963688-82A8-447B-9B66-D1799AF7E41C}.Debug|Any CPU.ActiveCfg = Debug|Any CPU
		{1E963688-82A8-447B-9B66-D1799AF7E41C}.Debug|Any CPU.Build.0 = Debug|Any CPU
		{1E963688-82A8-447B-9B66-D1799AF7E41C}.Release|Any CPU.ActiveCfg = Release|Any CPU
		{1E963688-82A8-447B-9B66-D1799AF7E41C}.Release|Any CPU.Build.0 = Release|Any CPU
		{A3F20530-F6BD-4E45-AFBD-31F21C61A385}.Debug|Any CPU.ActiveCfg = Debug|Any CPU
		{A3F20530-F6BD-4E45-AFBD-31F21C61A385}.Debug|Any CPU.Build.0 = Debug|Any CPU
		{A3F20530-F6BD-4E45-AFBD-31F21C61A385}.Release|Any CPU.ActiveCfg = Release|Any CPU
		{A3F20530-F6BD-4E45-AFBD-31F21C61A385}.Release|Any CPU.Build.0 = Release|Any CPU
	EndGlobalSection
EndGlobal
